// !$*UTF8*$!
{
	archiveVersion = 1;
	classes = {
	};
	objectVersion = 56;
	objects = {

/* Begin PBXBuildFile section */
		FB32A1612DDE36B900CD5361 /* NavigadorBar.swift in Sources */ = {isa = PBXBuildFile; fileRef = FB32A1602DDE36B900CD5361 /* NavigadorBar.swift */; };
		FB3466402DD4F24E00F43E71 /* FullDescargadoInfo.swift in Sources */ = {isa = PBXBuildFile; fileRef = FB34663F2DD4F24E00F43E71 /* FullDescargadoInfo.swift */; };
		FB45BD862DD248DF00F64EE3 /* pantalla_pokemon.swift in Sources */ = {isa = PBXBuildFile; fileRef = FB45BD852DD248DF00F64EE3 /* pantalla_pokemon.swift */; };
		FB45BD892DD249ED00F64EE3 /* poke_api.swift in Sources */ = {isa = PBXBuildFile; fileRef = FB45BD882DD249ED00F64EE3 /* poke_api.swift */; };
		FB45BD8E2DD24B9300F64EE3 /* pagina_resultados.swift in Sources */ = {isa = PBXBuildFile; fileRef = FB45BD8D2DD24B9300F64EE3 /* pagina_resultados.swift */; };
		FB45BD902DD24C2300F64EE3 /* pocket_monsters.swift in Sources */ = {isa = PBXBuildFile; fileRef = FB45BD8F2DD24C2300F64EE3 /* pocket_monsters.swift */; };
		FB45BD922DD24EFD00F64EE3 /* Pokemon_species.swift in Sources */ = {isa = PBXBuildFile; fileRef = FB45BD912DD24EFD00F64EE3 /* Pokemon_species.swift */; };
		FB45BD942DD2510300F64EE3 /* evolution_Chain.swift in Sources */ = {isa = PBXBuildFile; fileRef = FB45BD932DD2510300F64EE3 /* evolution_Chain.swift */; };
		FB45BD962DD251A800F64EE3 /* errores.swift in Sources */ = {isa = PBXBuildFile; fileRef = FB45BD952DD251A800F64EE3 /* errores.swift */; };
		FB45BD992DD2538F00F64EE3 /* controlador_app.swift in Sources */ = {isa = PBXBuildFile; fileRef = FB45BD982DD2538F00F64EE3 /* controlador_app.swift */; };
		FB930AB92DCE596E00F0D992 /* Proyecto_Final_iOSApp.swift in Sources */ = {isa = PBXBuildFile; fileRef = FB930AB82DCE596E00F0D992 /* Proyecto_Final_iOSApp.swift */; };
		FB930ABB2DCE596E00F0D992 /* ContentView.swift in Sources */ = {isa = PBXBuildFile; fileRef = FB930ABA2DCE596E00F0D992 /* ContentView.swift */; };
		FB930ABD2DCE596F00F0D992 /* Assets.xcassets in Resources */ = {isa = PBXBuildFile; fileRef = FB930ABC2DCE596F00F0D992 /* Assets.xcassets */; };
		FB930AC02DCE596F00F0D992 /* Preview Assets.xcassets in Resources */ = {isa = PBXBuildFile; fileRef = FB930ABF2DCE596F00F0D992 /* Preview Assets.xcassets */; };
		FBE1845C2DDFD0100032B886 /* pagina_resultados_objetos.swift in Sources */ = {isa = PBXBuildFile; fileRef = FBE1845B2DDFD0100032B886 /* pagina_resultados_objetos.swift */; };
		FBE1845F2DDFD10F0032B886 /* FullDescargadoInfoObjetos.swift in Sources */ = {isa = PBXBuildFile; fileRef = FBE1845E2DDFD10F0032B886 /* FullDescargadoInfoObjetos.swift */; };
		FBE184612DDFD4B30032B886 /* Objeto_Individual.swift in Sources */ = {isa = PBXBuildFile; fileRef = FBE184602DDFD4B30032B886 /* Objeto_Individual.swift */; };
		FBE184642DDFDA740032B886 /* pantalla_objeto.swift in Sources */ = {isa = PBXBuildFile; fileRef = FBE184632DDFDA740032B886 /* pantalla_objeto.swift */; };
		FBE2A35D2DD805E100C76CFE /* CustomSearchBar.swift in Sources */ = {isa = PBXBuildFile; fileRef = FBE2A35C2DD805E100C76CFE /* CustomSearchBar.swift */; };
		FBE2A35F2DD80CB800C76CFE /* pokemon_detallado.swift in Sources */ = {isa = PBXBuildFile; fileRef = FBE2A35E2DD80CB800C76CFE /* pokemon_detallado.swift */; };
/* End PBXBuildFile section */

/* Begin PBXFileReference section */
		FB32A1602DDE36B900CD5361 /* NavigadorBar.swift */ = {isa = PBXFileReference; lastKnownFileType = sourcecode.swift; path = NavigadorBar.swift; sourceTree = "<group>"; };
		FB34663F2DD4F24E00F43E71 /* FullDescargadoInfo.swift */ = {isa = PBXFileReference; lastKnownFileType = sourcecode.swift; path = FullDescargadoInfo.swift; sourceTree = "<group>"; };
		FB45BD852DD248DF00F64EE3 /* pantalla_pokemon.swift */ = {isa = PBXFileReference; lastKnownFileType = sourcecode.swift; path = pantalla_pokemon.swift; sourceTree = "<group>"; };
		FB45BD882DD249ED00F64EE3 /* poke_api.swift */ = {isa = PBXFileReference; lastKnownFileType = sourcecode.swift; path = poke_api.swift; sourceTree = "<group>"; };
		FB45BD8D2DD24B9300F64EE3 /* pagina_resultados.swift */ = {isa = PBXFileReference; lastKnownFileType = sourcecode.swift; path = pagina_resultados.swift; sourceTree = "<group>"; };
		FB45BD8F2DD24C2300F64EE3 /* pocket_monsters.swift */ = {isa = PBXFileReference; lastKnownFileType = sourcecode.swift; path = pocket_monsters.swift; sourceTree = "<group>"; };
		FB45BD912DD24EFD00F64EE3 /* Pokemon_species.swift */ = {isa = PBXFileReference; lastKnownFileType = sourcecode.swift; path = Pokemon_species.swift; sourceTree = "<group>"; };
		FB45BD932DD2510300F64EE3 /* evolution_Chain.swift */ = {isa = PBXFileReference; lastKnownFileType = sourcecode.swift; path = evolution_Chain.swift; sourceTree = "<group>"; };
		FB45BD952DD251A800F64EE3 /* errores.swift */ = {isa = PBXFileReference; lastKnownFileType = sourcecode.swift; path = errores.swift; sourceTree = "<group>"; };
		FB45BD982DD2538F00F64EE3 /* controlador_app.swift */ = {isa = PBXFileReference; lastKnownFileType = sourcecode.swift; path = controlador_app.swift; sourceTree = "<group>"; };
		FB930AB52DCE596E00F0D992 /* Proyecto_Final_iOS.app */ = {isa = PBXFileReference; explicitFileType = wrapper.application; includeInIndex = 0; path = Proyecto_Final_iOS.app; sourceTree = BUILT_PRODUCTS_DIR; };
		FB930AB82DCE596E00F0D992 /* Proyecto_Final_iOSApp.swift */ = {isa = PBXFileReference; lastKnownFileType = sourcecode.swift; path = Proyecto_Final_iOSApp.swift; sourceTree = "<group>"; };
		FB930ABA2DCE596E00F0D992 /* ContentView.swift */ = {isa = PBXFileReference; lastKnownFileType = sourcecode.swift; path = ContentView.swift; sourceTree = "<group>"; };
		FB930ABC2DCE596F00F0D992 /* Assets.xcassets */ = {isa = PBXFileReference; lastKnownFileType = folder.assetcatalog; path = Assets.xcassets; sourceTree = "<group>"; };
		FB930ABF2DCE596F00F0D992 /* Preview Assets.xcassets */ = {isa = PBXFileReference; lastKnownFileType = folder.assetcatalog; path = "Preview Assets.xcassets"; sourceTree = "<group>"; };
		FBE1845B2DDFD0100032B886 /* pagina_resultados_objetos.swift */ = {isa = PBXFileReference; lastKnownFileType = sourcecode.swift; path = pagina_resultados_objetos.swift; sourceTree = "<group>"; };
		FBE1845E2DDFD10F0032B886 /* FullDescargadoInfoObjetos.swift */ = {isa = PBXFileReference; lastKnownFileType = sourcecode.swift; path = FullDescargadoInfoObjetos.swift; sourceTree = "<group>"; };
		FBE184602DDFD4B30032B886 /* Objeto_Individual.swift */ = {isa = PBXFileReference; lastKnownFileType = sourcecode.swift; path = Objeto_Individual.swift; sourceTree = "<group>"; };
		FBE184632DDFDA740032B886 /* pantalla_objeto.swift */ = {isa = PBXFileReference; lastKnownFileType = sourcecode.swift; path = pantalla_objeto.swift; sourceTree = "<group>"; };
		FBE2A35C2DD805E100C76CFE /* CustomSearchBar.swift */ = {isa = PBXFileReference; lastKnownFileType = sourcecode.swift; path = CustomSearchBar.swift; sourceTree = "<group>"; };
		FBE2A35E2DD80CB800C76CFE /* pokemon_detallado.swift */ = {isa = PBXFileReference; lastKnownFileType = sourcecode.swift; path = pokemon_detallado.swift; sourceTree = "<group>"; };
/* End PBXFileReference section */

/* Begin PBXFrameworksBuildPhase section */
		FB930AB22DCE596E00F0D992 /* Frameworks */ = {
			isa = PBXFrameworksBuildPhase;
			buildActionMask = 2147483647;
			files = (
			);
			runOnlyForDeploymentPostprocessing = 0;
		};
/* End PBXFrameworksBuildPhase section */

/* Begin PBXGroup section */
		FB45BD832DD248AA00F64EE3 /* ui */ = {
			isa = PBXGroup;
			children = (
				FBE184622DDFDA2D0032B886 /* objects */,
				FBE2A35B2DD805C100C76CFE /* elementos */,
				FB45BD842DD248B700F64EE3 /* pokemon */,
			);
			path = ui;
			sourceTree = "<group>";
		};
		FB45BD842DD248B700F64EE3 /* pokemon */ = {
			isa = PBXGroup;
			children = (
				FB45BD852DD248DF00F64EE3 /* pantalla_pokemon.swift */,
				FBE2A35E2DD80CB800C76CFE /* pokemon_detallado.swift */,
			);
			path = pokemon;
			sourceTree = "<group>";
		};
		FB45BD872DD2494E00F64EE3 /* servicios_API */ = {
			isa = PBXGroup;
			children = (
				FB45BD882DD249ED00F64EE3 /* poke_api.swift */,
				FB45BD952DD251A800F64EE3 /* errores.swift */,
			);
			path = servicios_API;
			sourceTree = "<group>";
		};
		FB45BD8A2DD24B4E00F64EE3 /* modelos */ = {
			isa = PBXGroup;
			children = (
				FBE184592DDFB32F0032B886 /* objetos */,
				FB45BD8B2DD24B5F00F64EE3 /* pokemon_pokedex */,
			);
			path = modelos;
			sourceTree = "<group>";
		};
		FB45BD8B2DD24B5F00F64EE3 /* pokemon_pokedex */ = {
			isa = PBXGroup;
			children = (
				FB45BD8C2DD24B7D00F64EE3 /* soporte */,
				FB45BD8F2DD24C2300F64EE3 /* pocket_monsters.swift */,
				FB45BD932DD2510300F64EE3 /* evolution_Chain.swift */,
				FB45BD912DD24EFD00F64EE3 /* Pokemon_species.swift */,
				FB34663F2DD4F24E00F43E71 /* FullDescargadoInfo.swift */,
			);
			path = pokemon_pokedex;
			sourceTree = "<group>";
		};
		FB45BD8C2DD24B7D00F64EE3 /* soporte */ = {
			isa = PBXGroup;
			children = (
				FB45BD8D2DD24B9300F64EE3 /* pagina_resultados.swift */,
			);
			path = soporte;
			sourceTree = "<group>";
		};
		FB45BD972DD2535F00F64EE3 /* controlador */ = {
			isa = PBXGroup;
			children = (
				FB45BD982DD2538F00F64EE3 /* controlador_app.swift */,
			);
			path = controlador;
			sourceTree = "<group>";
		};
		FB930AAC2DCE596E00F0D992 = {
			isa = PBXGroup;
			children = (
				FB930AB72DCE596E00F0D992 /* Proyecto_Final_iOS */,
				FB930AB62DCE596E00F0D992 /* Products */,
			);
			sourceTree = "<group>";
		};
		FB930AB62DCE596E00F0D992 /* Products */ = {
			isa = PBXGroup;
			children = (
				FB930AB52DCE596E00F0D992 /* Proyecto_Final_iOS.app */,
			);
			name = Products;
			sourceTree = "<group>";
		};
		FB930AB72DCE596E00F0D992 /* Proyecto_Final_iOS */ = {
			isa = PBXGroup;
			children = (
				FB45BD972DD2535F00F64EE3 /* controlador */,
				FB45BD8A2DD24B4E00F64EE3 /* modelos */,
				FB45BD872DD2494E00F64EE3 /* servicios_API */,
				FB45BD832DD248AA00F64EE3 /* ui */,
				FB930AB82DCE596E00F0D992 /* Proyecto_Final_iOSApp.swift */,
				FB930ABA2DCE596E00F0D992 /* ContentView.swift */,
				FB930ABC2DCE596F00F0D992 /* Assets.xcassets */,
				FB930ABE2DCE596F00F0D992 /* Preview Content */,
			);
			path = Proyecto_Final_iOS;
			sourceTree = "<group>";
		};
		FB930ABE2DCE596F00F0D992 /* Preview Content */ = {
			isa = PBXGroup;
			children = (
				FB930ABF2DCE596F00F0D992 /* Preview Assets.xcassets */,
			);
			path = "Preview Content";
			sourceTree = "<group>";
		};
		FBE184592DDFB32F0032B886 /* objetos */ = {
			isa = PBXGroup;
			children = (
				FBE1845A2DDFCB730032B886 /* soporte */,
				FBE1845E2DDFD10F0032B886 /* FullDescargadoInfoObjetos.swift */,
				FBE184602DDFD4B30032B886 /* Objeto_Individual.swift */,
			);
			path = objetos;
			sourceTree = "<group>";
		};
		FBE1845A2DDFCB730032B886 /* soporte */ = {
			isa = PBXGroup;
			children = (
				FBE1845B2DDFD0100032B886 /* pagina_resultados_objetos.swift */,
			);
			path = soporte;
			sourceTree = "<group>";
		};
		FBE184622DDFDA2D0032B886 /* objects */ = {
			isa = PBXGroup;
			children = (
				FBE184632DDFDA740032B886 /* pantalla_objeto.swift */,
			);
			path = objects;
			sourceTree = "<group>";
		};
		FBE2A35B2DD805C100C76CFE /* elementos */ = {
			isa = PBXGroup;
			children = (
				FBE2A35C2DD805E100C76CFE /* CustomSearchBar.swift */,
				FB32A1602DDE36B900CD5361 /* NavigadorBar.swift */,
			);
			path = elementos;
			sourceTree = "<group>";
		};
/* End PBXGroup section */

/* Begin PBXNativeTarget section */
		FB930AB42DCE596E00F0D992 /* Proyecto_Final_iOS */ = {
			isa = PBXNativeTarget;
			buildConfigurationList = FB930AC32DCE596F00F0D992 /* Build configuration list for PBXNativeTarget "Proyecto_Final_iOS" */;
			buildPhases = (
				FB930AB12DCE596E00F0D992 /* Sources */,
				FB930AB22DCE596E00F0D992 /* Frameworks */,
				FB930AB32DCE596E00F0D992 /* Resources */,
			);
			buildRules = (
			);
			dependencies = (
			);
			name = Proyecto_Final_iOS;
			productName = Proyecto_Final_iOS;
			productReference = FB930AB52DCE596E00F0D992 /* Proyecto_Final_iOS.app */;
			productType = "com.apple.product-type.application";
		};
/* End PBXNativeTarget section */

/* Begin PBXProject section */
		FB930AAD2DCE596E00F0D992 /* Project object */ = {
			isa = PBXProject;
			attributes = {
				BuildIndependentTargetsInParallel = 1;
				LastSwiftUpdateCheck = 1540;
				LastUpgradeCheck = 1540;
				TargetAttributes = {
					FB930AB42DCE596E00F0D992 = {
						CreatedOnToolsVersion = 15.4;
					};
				};
			};
			buildConfigurationList = FB930AB02DCE596E00F0D992 /* Build configuration list for PBXProject "Proyecto_Final_iOS" */;
			compatibilityVersion = "Xcode 14.0";
			developmentRegion = en;
			hasScannedForEncodings = 0;
			knownRegions = (
				en,
				Base,
			);
			mainGroup = FB930AAC2DCE596E00F0D992;
			productRefGroup = FB930AB62DCE596E00F0D992 /* Products */;
			projectDirPath = "";
			projectRoot = "";
			targets = (
				FB930AB42DCE596E00F0D992 /* Proyecto_Final_iOS */,
			);
		};
/* End PBXProject section */

/* Begin PBXResourcesBuildPhase section */
		FB930AB32DCE596E00F0D992 /* Resources */ = {
			isa = PBXResourcesBuildPhase;
			buildActionMask = 2147483647;
			files = (
				FB930AC02DCE596F00F0D992 /* Preview Assets.xcassets in Resources */,
				FB930ABD2DCE596F00F0D992 /* Assets.xcassets in Resources */,
			);
			runOnlyForDeploymentPostprocessing = 0;
		};
/* End PBXResourcesBuildPhase section */

/* Begin PBXSourcesBuildPhase section */
		FB930AB12DCE596E00F0D992 /* Sources */ = {
			isa = PBXSourcesBuildPhase;
			buildActionMask = 2147483647;
			files = (
				FB45BD962DD251A800F64EE3 /* errores.swift in Sources */,
				FB45BD992DD2538F00F64EE3 /* controlador_app.swift in Sources */,
				FBE2A35D2DD805E100C76CFE /* CustomSearchBar.swift in Sources */,
				FB45BD8E2DD24B9300F64EE3 /* pagina_resultados.swift in Sources */,
				FB45BD922DD24EFD00F64EE3 /* Pokemon_species.swift in Sources */,
				FBE1845C2DDFD0100032B886 /* pagina_resultados_objetos.swift in Sources */,
				FB930ABB2DCE596E00F0D992 /* ContentView.swift in Sources */,
				FB3466402DD4F24E00F43E71 /* FullDescargadoInfo.swift in Sources */,
				FB45BD892DD249ED00F64EE3 /* poke_api.swift in Sources */,
				FB45BD862DD248DF00F64EE3 /* pantalla_pokemon.swift in Sources */,
				FB45BD902DD24C2300F64EE3 /* pocket_monsters.swift in Sources */,
				FB930AB92DCE596E00F0D992 /* Proyecto_Final_iOSApp.swift in Sources */,
				FBE184612DDFD4B30032B886 /* Objeto_Individual.swift in Sources */,
				FBE184642DDFDA740032B886 /* pantalla_objeto.swift in Sources */,
				FBE1845F2DDFD10F0032B886 /* FullDescargadoInfoObjetos.swift in Sources */,
				FB32A1612DDE36B900CD5361 /* NavigadorBar.swift in Sources */,
				FB45BD942DD2510300F64EE3 /* evolution_Chain.swift in Sources */,
				FBE2A35F2DD80CB800C76CFE /* pokemon_detallado.swift in Sources */,
			);
			runOnlyForDeploymentPostprocessing = 0;
		};
/* End PBXSourcesBuildPhase section */

/* Begin XCBuildConfiguration section */
		FB930AC12DCE596F00F0D992 /* Debug */ = {
			isa = XCBuildConfiguration;
			buildSettings = {
				ALWAYS_SEARCH_USER_PATHS = NO;
				ASSETCATALOG_COMPILER_GENERATE_SWIFT_ASSET_SYMBOL_EXTENSIONS = YES;
				CLANG_ANALYZER_NONNULL = YES;
				CLANG_ANALYZER_NUMBER_OBJECT_CONVERSION = YES_AGGRESSIVE;
				CLANG_CXX_LANGUAGE_STANDARD = "gnu++20";
				CLANG_ENABLE_MODULES = YES;
				CLANG_ENABLE_OBJC_ARC = YES;
				CLANG_ENABLE_OBJC_WEAK = YES;
				CLANG_WARN_BLOCK_CAPTURE_AUTORELEASING = YES;
				CLANG_WARN_BOOL_CONVERSION = YES;
				CLANG_WARN_COMMA = YES;
				CLANG_WARN_CONSTANT_CONVERSION = YES;
				CLANG_WARN_DEPRECATED_OBJC_IMPLEMENTATIONS = YES;
				CLANG_WARN_DIRECT_OBJC_ISA_USAGE = YES_ERROR;
				CLANG_WARN_DOCUMENTATION_COMMENTS = YES;
				CLANG_WARN_EMPTY_BODY = YES;
				CLANG_WARN_ENUM_CONVERSION = YES;
				CLANG_WARN_INFINITE_RECURSION = YES;
				CLANG_WARN_INT_CONVERSION = YES;
				CLANG_WARN_NON_LITERAL_NULL_CONVERSION = YES;
				CLANG_WARN_OBJC_IMPLICIT_RETAIN_SELF = YES;
				CLANG_WARN_OBJC_LITERAL_CONVERSION = YES;
				CLANG_WARN_OBJC_ROOT_CLASS = YES_ERROR;
				CLANG_WARN_QUOTED_INCLUDE_IN_FRAMEWORK_HEADER = YES;
				CLANG_WARN_RANGE_LOOP_ANALYSIS = YES;
				CLANG_WARN_STRICT_PROTOTYPES = YES;
				CLANG_WARN_SUSPICIOUS_MOVE = YES;
				CLANG_WARN_UNGUARDED_AVAILABILITY = YES_AGGRESSIVE;
				CLANG_WARN_UNREACHABLE_CODE = YES;
				CLANG_WARN__DUPLICATE_METHOD_MATCH = YES;
				COPY_PHASE_STRIP = NO;
				DEBUG_INFORMATION_FORMAT = dwarf;
				ENABLE_STRICT_OBJC_MSGSEND = YES;
				ENABLE_TESTABILITY = YES;
				ENABLE_USER_SCRIPT_SANDBOXING = YES;
				GCC_C_LANGUAGE_STANDARD = gnu17;
				GCC_DYNAMIC_NO_PIC = NO;
				GCC_NO_COMMON_BLOCKS = YES;
				GCC_OPTIMIZATION_LEVEL = 0;
				GCC_PREPROCESSOR_DEFINITIONS = (
					"DEBUG=1",
					"$(inherited)",
				);
				GCC_WARN_64_TO_32_BIT_CONVERSION = YES;
				GCC_WARN_ABOUT_RETURN_TYPE = YES_ERROR;
				GCC_WARN_UNDECLARED_SELECTOR = YES;
				GCC_WARN_UNINITIALIZED_AUTOS = YES_AGGRESSIVE;
				GCC_WARN_UNUSED_FUNCTION = YES;
				GCC_WARN_UNUSED_VARIABLE = YES;
				IPHONEOS_DEPLOYMENT_TARGET = 17.5;
				LOCALIZATION_PREFERS_STRING_CATALOGS = YES;
				MTL_ENABLE_DEBUG_INFO = INCLUDE_SOURCE;
				MTL_FAST_MATH = YES;
				ONLY_ACTIVE_ARCH = YES;
				SDKROOT = iphoneos;
				SWIFT_ACTIVE_COMPILATION_CONDITIONS = "DEBUG $(inherited)";
				SWIFT_OPTIMIZATION_LEVEL = "-Onone";
			};
			name = Debug;
		};
		FB930AC22DCE596F00F0D992 /* Release */ = {
			isa = XCBuildConfiguration;
			buildSettings = {
				ALWAYS_SEARCH_USER_PATHS = NO;
				ASSETCATALOG_COMPILER_GENERATE_SWIFT_ASSET_SYMBOL_EXTENSIONS = YES;
				CLANG_ANALYZER_NONNULL = YES;
				CLANG_ANALYZER_NUMBER_OBJECT_CONVERSION = YES_AGGRESSIVE;
				CLANG_CXX_LANGUAGE_STANDARD = "gnu++20";
				CLANG_ENABLE_MODULES = YES;
				CLANG_ENABLE_OBJC_ARC = YES;
				CLANG_ENABLE_OBJC_WEAK = YES;
				CLANG_WARN_BLOCK_CAPTURE_AUTORELEASING = YES;
				CLANG_WARN_BOOL_CONVERSION = YES;
				CLANG_WARN_COMMA = YES;
				CLANG_WARN_CONSTANT_CONVERSION = YES;
				CLANG_WARN_DEPRECATED_OBJC_IMPLEMENTATIONS = YES;
				CLANG_WARN_DIRECT_OBJC_ISA_USAGE = YES_ERROR;
				CLANG_WARN_DOCUMENTATION_COMMENTS = YES;
				CLANG_WARN_EMPTY_BODY = YES;
				CLANG_WARN_ENUM_CONVERSION = YES;
				CLANG_WARN_INFINITE_RECURSION = YES;
				CLANG_WARN_INT_CONVERSION = YES;
				CLANG_WARN_NON_LITERAL_NULL_CONVERSION = YES;
				CLANG_WARN_OBJC_IMPLICIT_RETAIN_SELF = YES;
				CLANG_WARN_OBJC_LITERAL_CONVERSION = YES;
				CLANG_WARN_OBJC_ROOT_CLASS = YES_ERROR;
				CLANG_WARN_QUOTED_INCLUDE_IN_FRAMEWORK_HEADER = YES;
				CLANG_WARN_RANGE_LOOP_ANALYSIS = YES;
				CLANG_WARN_STRICT_PROTOTYPES = YES;
				CLANG_WARN_SUSPICIOUS_MOVE = YES;
				CLANG_WARN_UNGUARDED_AVAILABILITY = YES_AGGRESSIVE;
				CLANG_WARN_UNREACHABLE_CODE = YES;
				CLANG_WARN__DUPLICATE_METHOD_MATCH = YES;
				COPY_PHASE_STRIP = NO;
				DEBUG_INFORMATION_FORMAT = "dwarf-with-dsym";
				ENABLE_NS_ASSERTIONS = NO;
				ENABLE_STRICT_OBJC_MSGSEND = YES;
				ENABLE_USER_SCRIPT_SANDBOXING = YES;
				GCC_C_LANGUAGE_STANDARD = gnu17;
				GCC_NO_COMMON_BLOCKS = YES;
				GCC_WARN_64_TO_32_BIT_CONVERSION = YES;
				GCC_WARN_ABOUT_RETURN_TYPE = YES_ERROR;
				GCC_WARN_UNDECLARED_SELECTOR = YES;
				GCC_WARN_UNINITIALIZED_AUTOS = YES_AGGRESSIVE;
				GCC_WARN_UNUSED_FUNCTION = YES;
				GCC_WARN_UNUSED_VARIABLE = YES;
				IPHONEOS_DEPLOYMENT_TARGET = 17.5;
				LOCALIZATION_PREFERS_STRING_CATALOGS = YES;
				MTL_ENABLE_DEBUG_INFO = NO;
				MTL_FAST_MATH = YES;
				SDKROOT = iphoneos;
				SWIFT_COMPILATION_MODE = wholemodule;
				VALIDATE_PRODUCT = YES;
			};
			name = Release;
		};
		FB930AC42DCE596F00F0D992 /* Debug */ = {
			isa = XCBuildConfiguration;
			buildSettings = {
				ASSETCATALOG_COMPILER_APPICON_NAME = AppIcon;
				ASSETCATALOG_COMPILER_GLOBAL_ACCENT_COLOR_NAME = AccentColor;
				CODE_SIGN_STYLE = Automatic;
				CURRENT_PROJECT_VERSION = 1;
				DEVELOPMENT_ASSET_PATHS = "\"Proyecto_Final_iOS/Preview Content\"";
				ENABLE_PREVIEWS = YES;
				GENERATE_INFOPLIST_FILE = YES;
				INFOPLIST_KEY_UIApplicationSceneManifest_Generation = YES;
				INFOPLIST_KEY_UIApplicationSupportsIndirectInputEvents = YES;
				INFOPLIST_KEY_UILaunchScreen_Generation = YES;
				INFOPLIST_KEY_UISupportedInterfaceOrientations_iPad = "UIInterfaceOrientationPortrait UIInterfaceOrientationPortraitUpsideDown UIInterfaceOrientationLandscapeLeft UIInterfaceOrientationLandscapeRight";
				INFOPLIST_KEY_UISupportedInterfaceOrientations_iPhone = "UIInterfaceOrientationPortrait UIInterfaceOrientationLandscapeLeft UIInterfaceOrientationLandscapeRight";
				LD_RUNPATH_SEARCH_PATHS = (
					"$(inherited)",
					"@executable_path/Frameworks",
				);
				MARKETING_VERSION = 1.0;
				PRODUCT_BUNDLE_IDENTIFIER = "Bocetos.Proyecto-Final-iOS";
				PRODUCT_NAME = "$(TARGET_NAME)";
				SWIFT_EMIT_LOC_STRINGS = YES;
				SWIFT_VERSION = 5.0;
				TARGETED_DEVICE_FAMILY = "1,2";
			};
			name = Debug;
		};
		FB930AC52DCE596F00F0D992 /* Release */ = {
			isa = XCBuildConfiguration;
			buildSettings = {
				ASSETCATALOG_COMPILER_APPICON_NAME = AppIcon;
				ASSETCATALOG_COMPILER_GLOBAL_ACCENT_COLOR_NAME = AccentColor;
				CODE_SIGN_STYLE = Automatic;
				CURRENT_PROJECT_VERSION = 1;
				DEVELOPMENT_ASSET_PATHS = "\"Proyecto_Final_iOS/Preview Content\"";
				ENABLE_PREVIEWS = YES;
				GENERATE_INFOPLIST_FILE = YES;
				INFOPLIST_KEY_UIApplicationSceneManifest_Generation = YES;
				INFOPLIST_KEY_UIApplicationSupportsIndirectInputEvents = YES;
				INFOPLIST_KEY_UILaunchScreen_Generation = YES;
				INFOPLIST_KEY_UISupportedInterfaceOrientations_iPad = "UIInterfaceOrientationPortrait UIInterfaceOrientationPortraitUpsideDown UIInterfaceOrientationLandscapeLeft UIInterfaceOrientationLandscapeRight";
				INFOPLIST_KEY_UISupportedInterfaceOrientations_iPhone = "UIInterfaceOrientationPortrait UIInterfaceOrientationLandscapeLeft UIInterfaceOrientationLandscapeRight";
				LD_RUNPATH_SEARCH_PATHS = (
					"$(inherited)",
					"@executable_path/Frameworks",
				);
				MARKETING_VERSION = 1.0;
				PRODUCT_BUNDLE_IDENTIFIER = "Bocetos.Proyecto-Final-iOS";
				PRODUCT_NAME = "$(TARGET_NAME)";
				SWIFT_EMIT_LOC_STRINGS = YES;
				SWIFT_VERSION = 5.0;
				TARGETED_DEVICE_FAMILY = "1,2";
			};
			name = Release;
		};
/* End XCBuildConfiguration section */

/* Begin XCConfigurationList section */
		FB930AB02DCE596E00F0D992 /* Build configuration list for PBXProject "Proyecto_Final_iOS" */ = {
			isa = XCConfigurationList;
			buildConfigurations = (
				FB930AC12DCE596F00F0D992 /* Debug */,
				FB930AC22DCE596F00F0D992 /* Release */,
			);
			defaultConfigurationIsVisible = 0;
			defaultConfigurationName = Release;
		};
		FB930AC32DCE596F00F0D992 /* Build configuration list for PBXNativeTarget "Proyecto_Final_iOS" */ = {
			isa = XCConfigurationList;
			buildConfigurations = (
				FB930AC42DCE596F00F0D992 /* Debug */,
				FB930AC52DCE596F00F0D992 /* Release */,
			);
			defaultConfigurationIsVisible = 0;
			defaultConfigurationName = Release;
		};
/* End XCConfigurationList section */
	};
	rootObject = FB930AAD2DCE596E00F0D992 /* Project object */;
}
